{
    "_meta": {
        "hash": {
            "sha256": "d34a303b3e6e07f41a6396f4082281aa41886d4285c7f5d4f0af491cbe2693bc"
        },
        "pipfile-spec": 6,
        "requires": {
            "python_version": "3.8"
        },
        "sources": [
            {
                "name": "pypi",
                "url": "https://pypi.org/simple",
                "verify_ssl": true
            }
        ]
    },
    "default": {
        "blis": {
            "hashes": [
                "sha256:00473602629ba69fe6565108e21957e918cb48b59f5bf2f6bfb6e04de42500cb",
                "sha256:03c368c9716ca814c436550a5f1e02ccf74850e613602519e3941d212e5aa177",
                "sha256:135450caabc8aea9bb9250329ebdf7189982d9b57d5c92789b2ba2fe52c247a7",
                "sha256:1402d9cbb0fbc21b749dd5b87d7ee14249e74a0ca38be6ecc56b3b356fca2f21",
                "sha256:26b16d6005bb2671699831b5cc699905215d1abde1ec5c1d04de7dcd9eb29f75",
                "sha256:3347a4b1b7d3ae14476aac9a6f7bf8ebf464863f4ebf4aea228874a7694ea240",
                "sha256:38fe877a4b52e762f5e137a412e3c256545a696a12ae8c40d67b8815d2bb5097",
                "sha256:4fb89c47ee06b58a4410a16fd5794847517262c9d2a342643475b477dfeff0a4",
                "sha256:77a6486b9794af01bcdfd1bc6e067c93add4b93292e6f95bf6e5ce7f98bf0163",
                "sha256:856142a11e37fd2c47c5006a3197e157bb8469a491a73d2d442223dd3279df84",
                "sha256:8aeaf6954351593a1e412f80e398aa51df588d3c0de74b9f3323b694c603381b",
                "sha256:9ede123065f3cacb109967755b3d83d4ca0de90643a9058129a6ab2d4051954f",
                "sha256:d1d59faebc1c94f8f4f77154ef4b9d6d40364b111cf8fde48ee3b524c85f1075",
                "sha256:d69257d317e86f34a7f230a2fd1f021fd2a1b944137f40d8cdbb23bd334cd0c4",
                "sha256:ddd732c5274d1082fa92e2c42317587d5ebabce7741ca98120f69bd45d004b99",
                "sha256:f0b0dad4d6268d9dba0a65a9db12dd7a2d8686b648399e4aa1aec7550697e99e"
            ],
            "version": "==0.4.1"
        },
        "catalogue": {
            "hashes": [
                "sha256:584d78e7f4c3c6e2fd498eb56dfc8ef1f4ff738480237de2ccd26cbe2cf47172",
                "sha256:d74d1d856c6b36a37bf14aa6dbbc27d0582667b7ab979a6108e61a575e8723f5"
            ],
            "markers": "python_version >= '2.7' and python_version not in '3.0, 3.1, 3.2, 3.3'",
            "version": "==1.0.0"
        },
        "certifi": {
            "hashes": [
                "sha256:1f422849db327d534e3d0c5f02a263458c3955ec0aae4ff09b95f195c59f4edd",
                "sha256:f05def092c44fbf25834a51509ef6e631dc19765ab8a57b4e7ab85531f0a9cf4"
            ],
            "version": "==2020.11.8"
        },
        "chardet": {
            "hashes": [
                "sha256:84ab92ed1c4d4f16916e05906b6b75a6c0fb5db821cc65e70cbd64a3e2a5eaae",
                "sha256:fc323ffcaeaed0e0a02bf4d117757b98aed530d9ed4531e3e15460124c106691"
            ],
            "version": "==3.0.4"
        },
        "cymem": {
            "hashes": [
                "sha256:02c3994ee57003dd57d9a34417beb9597e51176e9378a757344347b72510ce8d",
                "sha256:0f169ee07f30c2674ca811693cb13857e236dd7f92b4bc47b0f2bb201e27cc93",
                "sha256:2baabeb408e4aaa0f51d7f6d8c53dd05f56decf34fb3f1f3180abe8755815890",
                "sha256:2d40dfa4b4edf64541192966c67c2706e5058a9c6ce0bdc356e4d6ef1935c9ae",
                "sha256:45b01ee36ce15aab6df041b4128de38016e3934274b934c44fec43de5100b64c",
                "sha256:58f49a51bd8b76b260f38f8274ec2e4613c328423e0b543a503834de32dfa3c4",
                "sha256:60b5d969f305a7598d86f34c93c37eb52b3388681e70b98081864f0f185da768",
                "sha256:65e5759179b311b8350b82b29744324366e270f96095b16a8e249c73c3f9273f",
                "sha256:7bb5791fde8dffa02005f158f5c98d64962adaf8501dac7a9b8156b8767c9a34",
                "sha256:a61684d01a1413049e9874e073c9577d406d866eabe0d167c5ee15bbeae090a6",
                "sha256:a61a4702dcc50ebd31fb86a90d1aba5526245af592d756c39c63d58d53360afc",
                "sha256:ae283889f6f0036fb34d12358fe052d4ea9f5724f05177317f33f302f304b47c",
                "sha256:f8f280f0aef46d32655b1b24ff049bea83b63365604b6c2decb112b44ed851fe"
            ],
            "version": "==2.0.4"
        },
        "idna": {
            "hashes": [
                "sha256:b307872f855b18632ce0c21c5e45be78c0ea7ae4c15c828c20788b26921eb3f6",
                "sha256:b97d804b1e9b523befed77c48dacec60e6dcb0b5391d57af6a65a312a90648c0"
            ],
            "markers": "python_version >= '2.7' and python_version not in '3.0, 3.1, 3.2, 3.3'",
            "version": "==2.10"
        },
        "murmurhash": {
            "hashes": [
                "sha256:01f1aefaeaa8abf5ad102064bdbb7c1a2542240b105c0a13ee0cc81aea3dc081",
                "sha256:2290e509ecbb8e79903e7859d9ec57b26f2019a8ffcaefab56862aa05f09e481",
                "sha256:3736e65a926e4093e2adb9397394fb01b193b37b93b8a3eb16053401dea36840",
                "sha256:40172b79dcccbf36f861429102df4bdb16e22dc14aecfe8c83fd414d92787516",
                "sha256:422084ac1fe994cb7c893689c600923dee4e2c3fc74e832f7d9a8d6fdcc362d5",
                "sha256:64bdc91f13cbe24f5f631e82d3c1a8f621ee7a8ce4965cb4a50a29ab6363fa95",
                "sha256:7cfeaf95bc2e9192b9f4d44a71ad117462578cb021c441fc8938cc809e518a0f",
                "sha256:81998ffd671164e9c4bc48cba61d912c1cb6555226177985045b8c9845772817",
                "sha256:9086d0589b6afe24601c1d3e8eb55d9705fdb3d86c24fdfd97a85a3063274edf",
                "sha256:92145fb1f3ae037c7a3b192ef1beca69c66389fca1e48ca35da56cae899a6e9f",
                "sha256:9ae4a4e27cbfbc777cbf88ce863c8dc4ee3d9a6081a9a6a579592e25ebd874a5",
                "sha256:aebeb840c68af1998cb94dcae213fed3f62041cf21e9adfe41288a482a2a8f35",
                "sha256:bf8edbbad46a27fd32f44a7dec287cc012ce14c36eafba2e6c46564bfc3bfbb5",
                "sha256:bfc0c9cf921045e001fe4fab32c77cf8a8c4f94fb1445d348df7d7ec862bb3ee",
                "sha256:c580e2df61bc9bdcd709edb01139070218071ae4768f4f7e81f6df773e1578aa",
                "sha256:ce523418041baac542aaf48612d6fb47be3e14dffdc1273ce32197a1be565369",
                "sha256:de421d1e615d7c6560b3bfa447487bb6cd413ec94a7430b8a5c465abea795f8a"
            ],
            "version": "==1.0.4"
        },
        "numpy": {
            "hashes": [
                "sha256:08308c38e44cc926bdfce99498b21eec1f848d24c302519e64203a8da99a97db",
                "sha256:09c12096d843b90eafd01ea1b3307e78ddd47a55855ad402b157b6c4862197ce",
                "sha256:13d166f77d6dc02c0a73c1101dd87fdf01339febec1030bd810dcd53fff3b0f1",
                "sha256:141ec3a3300ab89c7f2b0775289954d193cc8edb621ea05f99db9cb181530512",
                "sha256:16c1b388cc31a9baa06d91a19366fb99ddbe1c7b205293ed072211ee5bac1ed2",
                "sha256:18bed2bcb39e3f758296584337966e68d2d5ba6aab7e038688ad53c8f889f757",
                "sha256:1aeef46a13e51931c0b1cf8ae1168b4a55ecd282e6688fdb0a948cc5a1d5afb9",
                "sha256:27d3f3b9e3406579a8af3a9f262f5339005dd25e0ecf3cf1559ff8a49ed5cbf2",
                "sha256:2a2740aa9733d2e5b2dfb33639d98a64c3b0f24765fed86b0fd2aec07f6a0a08",
                "sha256:4377e10b874e653fe96985c05feed2225c912e328c8a26541f7fc600fb9c637b",
                "sha256:448ebb1b3bf64c0267d6b09a7cba26b5ae61b6d2dbabff7c91b660c7eccf2bdb",
                "sha256:50e86c076611212ca62e5a59f518edafe0c0730f7d9195fec718da1a5c2bb1fc",
                "sha256:5734bdc0342aba9dfc6f04920988140fb41234db42381cf7ccba64169f9fe7ac",
                "sha256:64324f64f90a9e4ef732be0928be853eee378fd6a01be21a0a8469c4f2682c83",
                "sha256:6ae6c680f3ebf1cf7ad1d7748868b39d9f900836df774c453c11c5440bc15b36",
                "sha256:6d7593a705d662be5bfe24111af14763016765f43cb6923ed86223f965f52387",
                "sha256:8cac8790a6b1ddf88640a9267ee67b1aee7a57dfa2d2dd33999d080bc8ee3a0f",
                "sha256:8ece138c3a16db8c1ad38f52eb32be6086cc72f403150a79336eb2045723a1ad",
                "sha256:9eeb7d1d04b117ac0d38719915ae169aa6b61fca227b0b7d198d43728f0c879c",
                "sha256:a09f98011236a419ee3f49cedc9ef27d7a1651df07810ae430a6b06576e0b414",
                "sha256:a5d897c14513590a85774180be713f692df6fa8ecf6483e561a6d47309566f37",
                "sha256:ad6f2ff5b1989a4899bf89800a671d71b1612e5ff40866d1f4d8bcf48d4e5764",
                "sha256:c42c4b73121caf0ed6cd795512c9c09c52a7287b04d105d112068c1736d7c753",
                "sha256:cb1017eec5257e9ac6209ac172058c430e834d5d2bc21961dceeb79d111e5909",
                "sha256:d6c7bb82883680e168b55b49c70af29b84b84abb161cbac2800e8fcb6f2109b6",
                "sha256:e452dc66e08a4ce642a961f134814258a082832c78c90351b75c41ad16f79f63",
                "sha256:e5b6ed0f0b42317050c88022349d994fe72bfe35f5908617512cd8c8ef9da2a9",
                "sha256:e9b30d4bd69498fc0c3fe9db5f62fffbb06b8eb9321f92cc970f2969be5e3949",
                "sha256:ec149b90019852266fec2341ce1db513b843e496d5a8e8cdb5ced1923a92faab",
                "sha256:edb01671b3caae1ca00881686003d16c2209e07b7ef8b7639f1867852b948f7c",
                "sha256:f0d3929fe88ee1c155129ecd82f981b8856c5d97bcb0d5f23e9b4242e79d1de3",
                "sha256:f29454410db6ef8126c83bd3c968d143304633d45dc57b51252afbd79d700893",
                "sha256:fe45becb4c2f72a0907c1d0246ea6449fe7a9e2293bb0e11c4e9a32bb0930a15",
                "sha256:fedbd128668ead37f33917820b704784aff695e0019309ad446a6d0b065b57e4"
            ],
            "markers": "python_version >= '3.6'",
            "version": "==1.19.4"
        },
        "plac": {
            "hashes": [
                "sha256:398cb947c60c4c25e275e1f1dadf027e7096858fb260b8ece3b33bcff90d985f",
                "sha256:487e553017d419f35add346c4c09707e52fa53f7e7181ce1098ca27620e9ceee"
            ],
            "version": "==1.1.3"
        },
        "preshed": {
            "hashes": [
                "sha256:13a779205d55ce323976ac06df597f9ec2d6f0563ebcf5652176cf4520c7d540",
                "sha256:13de7525696fb7b1ab5d0dabca3cef49e17a49e662b9f651549ae2d953c3ad35",
                "sha256:15beb09341daab611fa3db79db7f0bcc7b2efdc5a99f417a6903e3d9d68a92db",
                "sha256:1df1b4452cbf4b8a36475e3025d2cfc3d44d1e1c5305163e119442a331b173ae",
                "sha256:496edf5de0065481272914f02173d80dc80d6dccf2372af67d8d62b415ac3aa9",
                "sha256:4e71b88ae027bd23d40f4f7b3e73d93479346abfec78cadea312d11d610e90f9",
                "sha256:606516fd7166ac42406d1b54941aa2b443f4fa1eee11edfa37d9646ac36010a1",
                "sha256:6dd33a8d88cbe77ef5592366891c491462225b7cb66499e35d63e4f9900e16ff",
                "sha256:717b76ebbda8dd458f0f345f514fb9b62a1507352555a00b9332eb54cc4f35d4",
                "sha256:8604bd028e94539061441cef926293efcdd9fd0b7a1f5bc4ac3cdb6400c83a9b",
                "sha256:9c04c80314423e18fcfb1a7198c98bb8885d3b843546561be96cba45d8d17ad1",
                "sha256:a11cb04a47cc1ff08765a8cd2ee1849e49970dda85c73c2a72f7e130ba6073ba",
                "sha256:c777b7603755e9cca67067d4382bde8ba01221e3f6b06f65ba832fc6135258d9",
                "sha256:cbf3d38278fb6d20dd67e624651e296d0c734c4107f1c1a67c97ee578ce6e813",
                "sha256:dbbf660802ce87bcff683e89297dbf52a83ea260b94ec56ef1c2996bf967ad1a",
                "sha256:eb4cd05415ce15a483eb2526304df4f98a17aea6ba80564fcdbf55f718f661a0",
                "sha256:f415f994f422125d7c5a4718a3e4f57f0dfe0bde719799c5128761ab90b1f3b6"
            ],
            "version": "==3.0.4"
        },
        "requests": {
            "hashes": [
                "sha256:7f1a0b932f4a60a1a65caa4263921bb7d9ee911957e0ae4a23a6dd08185ad5f8",
                "sha256:e786fa28d8c9154e6a4de5d46a1d921b8749f8b74e28bde23768e5e16eece998"
            ],
            "markers": "python_version >= '2.7' and python_version not in '3.0, 3.1, 3.2, 3.3, 3.4'",
            "version": "==2.25.0"
        },
        "spacy": {
            "hashes": [
                "sha256:0f5d088c1d2a1fcf247090854927cd0ba4e28266323af112dead20ff020ded1c",
                "sha256:11b9517cdcbea166a9461093821d12bf632aea7dd14b6e3c549871903bda41b8",
                "sha256:1fcfb911b254af3144b3e65a2daf671cb26b6243ec431089ccb28cbe03d826de",
                "sha256:366eaae9634c59f89015ad11db1d8559c327ab665a5f644c71155c76711ee50a",
                "sha256:3bafcc134c340c5d7556612344d2844522d452b99a21f2b0a9b640f6c55f1110",
                "sha256:4944a1118f6dbb49201749d72527b749f74032e1026ddf387bc3a7e172ff0300",
                "sha256:7a6b7486f71930e7de7100feb72036e3ccb8c18509ff23e8453cff0b28470ea4",
                "sha256:818de26e0e383f64ccbe3db185574920de05923d8deac8bbb12113b9e33cee1f",
                "sha256:b7df3622e9a867294b913cd0a4fba99d47162af1cfd3a840c5943b25f390bb5c",
                "sha256:f7b3a17730786979f964b16ee1e4a9146cd05016f100afb274dd66336dfc39eb"
            ],
            "index": "pypi",
            "version": "==2.3.2"
        },
        "srsly": {
            "hashes": [
                "sha256:02acfa09769380023e9bbed5c63f5f41b04dbc13ff392a7284df685127d224ae",
                "sha256:2ae6327e013934126f2b7082ce36284785eed951635ac99c73e39de75ecd1345",
                "sha256:2b9e2b7c00e522d6e54952564d702e72bc4729cc828e27a01b4dac70b870d44a",
                "sha256:39a8bd6b383b4ea5c3a6793d790e1356e236701f421badef278a0ea80bc95d30",
                "sha256:3f46e5efbbb0e857f302394257539aae4487c201cdafc3519db4bde897341fee",
                "sha256:4b8bd311fa20fa5d1a0deac0dd8f3c43c7ca23df2c483a7102d96acf2cddb506",
                "sha256:660b80ffa3ea4ef9db254e5a22d2f52294f15342910c3274844a8f5a81369cbc",
                "sha256:713766bf4289ebe6f21d1e5203b6b75f71fd4512e877dbe5a3f660b4a51d77ac",
                "sha256:9ca5633a5303ce0d0b84d1bdb6d029f665ba2b7d320f5482525b125ddfb8a390",
                "sha256:b4fb0ff57e25a99e9ac9a61b262478efe8493b3cff0f50812c09534c76688b0b",
                "sha256:c1fa001bbd87a771998c8e2487991fc0dfe16edc09e3dec0d64f9472832f89bd",
                "sha256:deee259837443ea8a4c194967f56eb62809c3cf3a11cd9d4f425de4aea5ecb81",
                "sha256:f7aee40cd66f190e7694d7e7c83be018b1a7b9546a305db52c8793d93b1d0a7e"
            ],
            "version": "==1.0.4"
        },
        "thinc": {
            "hashes": [
                "sha256:0139fa84dc9b8d88af15e648fc4ae13d899b8b5e49cb26a8f4a0604ee9ad8a9e",
                "sha256:061633bf334e3728173d59d6001e8cdef3839166c71e23b3c5f74f5fae3c0d7c",
                "sha256:0df8c5762359a3a4d8d494aa2eff11c4936c4f34559fe1b3ab1d13d24c76b509",
                "sha256:33db4a9182c78c8f4823b1765274bbb0caa8f4269dbd102f2e6ab2f7f91a6084",
                "sha256:36237f711f0b3da932bd28cc366a92f6f1b6d1f95ad6cbbc8166b94785b38e40",
                "sha256:387d25e57e53eed86d24f2657ab9555703043de27211764835a38e2e31b3c8e9",
                "sha256:55b9e02e4b8395cee0a8a810bd8af4d7600b04520bab60df1fc513d50a41eec5",
                "sha256:5d633cc5c210a02ba706ed7e800f4dc906ba1e10b85e3ed40d77fdb7e7674a20",
                "sha256:947806f4cbbcaf8dd046942acd5e52d55ac805303985a2e36de4734be5496bf1",
                "sha256:d3ff8cfbf583ac788a85f5e0e3cf00edf2f6bc5ba2b2ca264771870c07cb5717",
                "sha256:d70e71b0561bbf844bc9f737f60150b0f8f04dfd603151869d93a5735deb6219",
                "sha256:e2ebeeafd79bb86697388fccc5996d6ea1e69106e2a7fc3a1092d626b522cc01"
            ],
            "version": "==7.4.1"
        },
        "tqdm": {
            "hashes": [
                "sha256:9ad44aaf0fc3697c06f6e05c7cf025dd66bc7bcb7613c66d85f4464c47ac8fad",
                "sha256:ef54779f1c09f346b2b5a8e5c61f96fbcb639929e640e59f8cf810794f406432"
            ],
            "markers": "python_version >= '2.6' and python_version not in '3.0, 3.1, 3.2, 3.3'",
            "version": "==4.51.0"
        },
        "urllib3": {
            "hashes": [
                "sha256:19188f96923873c92ccb987120ec4acaa12f0461fa9ce5d3d0772bc965a39e08",
                "sha256:d8ff90d979214d7b4f8ce956e80f4028fc6860e4431f731ea4a8c08f23f99473"
            ],
            "markers": "python_version >= '2.7' and python_version not in '3.0, 3.1, 3.2, 3.3, 3.4' and python_version < '4'",
            "version": "==1.26.2"
        },
        "wasabi": {
            "hashes": [
                "sha256:75fec6db6193c8615d7f398ae4aa2c4ad294e6e3e81c6a6dbbbd3864ee2223c3",
                "sha256:98bc9c492c6aa8628303a02961a5cfa7b0c7fa6d2b397abdeb0adc4b39397c49"
            ],
            "version": "==0.8.0"
        }
    },
    "develop": {
        "appnope": {
            "hashes": [
                "sha256:5b26757dc6f79a3b7dc9fab95359328d5747fcb2409d331ea66d0272b90ab2a0",
                "sha256:8b995ffe925347a2138d7ac0fe77155e4311a0ea6d6da4f5128fe4b3cbe5ed71"
            ],
            "markers": "sys_platform == 'darwin'",
            "version": "==0.1.0"
        },
        "attrs": {
            "hashes": [
                "sha256:31b2eced602aa8423c2aea9c76a724617ed67cf9513173fd3a4f03e3a929c7e6",
                "sha256:832aa3cde19744e49938b91fea06d69ecb9e649c93ba974535d08ad92164f700"
            ],
            "markers": "python_version >= '2.7' and python_version not in '3.0, 3.1, 3.2, 3.3'",
            "version": "==20.3.0"
        },
        "autopep8": {
            "hashes": [
                "sha256:d21d3901cb0da6ebd1e83fc9b0dfbde8b46afc2ede4fe32fbda0c7c6118ca094"
            ],
            "index": "pypi",
            "version": "==1.5.4"
        },
        "backcall": {
            "hashes": [
                "sha256:5cbdbf27be5e7cfadb448baf0aa95508f91f2bbc6c6437cd9cd06e2a4c215e1e",
                "sha256:fbbce6a29f263178a1f7915c1940bde0ec2b2a967566fe1c65c1dfb7422bd255"
            ],
            "version": "==0.2.0"
        },
        "coverage": {
            "hashes": [
                "sha256:0203acd33d2298e19b57451ebb0bed0ab0c602e5cf5a818591b4918b1f97d516",
                "sha256:0f313707cdecd5cd3e217fc68c78a960b616604b559e9ea60cc16795c4304259",
                "sha256:1c6703094c81fa55b816f5ae542c6ffc625fec769f22b053adb42ad712d086c9",
                "sha256:1d44bb3a652fed01f1f2c10d5477956116e9b391320c94d36c6bf13b088a1097",
                "sha256:280baa8ec489c4f542f8940f9c4c2181f0306a8ee1a54eceba071a449fb870a0",
                "sha256:29a6272fec10623fcbe158fdf9abc7a5fa032048ac1d8631f14b50fbfc10d17f",
                "sha256:2b31f46bf7b31e6aa690d4c7a3d51bb262438c6dcb0d528adde446531d0d3bb7",
                "sha256:2d43af2be93ffbad25dd959899b5b809618a496926146ce98ee0b23683f8c51c",
                "sha256:381ead10b9b9af5f64646cd27107fb27b614ee7040bb1226f9c07ba96625cbb5",
                "sha256:47a11bdbd8ada9b7ee628596f9d97fbd3851bd9999d398e9436bd67376dbece7",
                "sha256:4d6a42744139a7fa5b46a264874a781e8694bb32f1d76d8137b68138686f1729",
                "sha256:50691e744714856f03a86df3e2bff847c2acede4c191f9a1da38f088df342978",
                "sha256:530cc8aaf11cc2ac7430f3614b04645662ef20c348dce4167c22d99bec3480e9",
                "sha256:582ddfbe712025448206a5bc45855d16c2e491c2dd102ee9a2841418ac1c629f",
                "sha256:63808c30b41f3bbf65e29f7280bf793c79f54fb807057de7e5238ffc7cc4d7b9",
                "sha256:71b69bd716698fa62cd97137d6f2fdf49f534decb23a2c6fc80813e8b7be6822",
                "sha256:7858847f2d84bf6e64c7f66498e851c54de8ea06a6f96a32a1d192d846734418",
                "sha256:78e93cc3571fd928a39c0b26767c986188a4118edc67bc0695bc7a284da22e82",
                "sha256:7f43286f13d91a34fadf61ae252a51a130223c52bfefb50310d5b2deb062cf0f",
                "sha256:86e9f8cd4b0cdd57b4ae71a9c186717daa4c5a99f3238a8723f416256e0b064d",
                "sha256:8f264ba2701b8c9f815b272ad568d555ef98dfe1576802ab3149c3629a9f2221",
                "sha256:9342dd70a1e151684727c9c91ea003b2fb33523bf19385d4554f7897ca0141d4",
                "sha256:9361de40701666b034c59ad9e317bae95c973b9ff92513dd0eced11c6adf2e21",
                "sha256:9669179786254a2e7e57f0ecf224e978471491d660aaca833f845b72a2df3709",
                "sha256:aac1ba0a253e17889550ddb1b60a2063f7474155465577caa2a3b131224cfd54",
                "sha256:aef72eae10b5e3116bac6957de1df4d75909fc76d1499a53fb6387434b6bcd8d",
                "sha256:bd3166bb3b111e76a4f8e2980fa1addf2920a4ca9b2b8ca36a3bc3dedc618270",
                "sha256:c1b78fb9700fc961f53386ad2fd86d87091e06ede5d118b8a50dea285a071c24",
                "sha256:c3888a051226e676e383de03bf49eb633cd39fc829516e5334e69b8d81aae751",
                "sha256:c5f17ad25d2c1286436761b462e22b5020d83316f8e8fcb5deb2b3151f8f1d3a",
                "sha256:c851b35fc078389bc16b915a0a7c1d5923e12e2c5aeec58c52f4aa8085ac8237",
                "sha256:cb7df71de0af56000115eafd000b867d1261f786b5eebd88a0ca6360cccfaca7",
                "sha256:cedb2f9e1f990918ea061f28a0f0077a07702e3819602d3507e2ff98c8d20636",
                "sha256:e8caf961e1b1a945db76f1b5fa9c91498d15f545ac0ababbe575cfab185d3bd8"
            ],
            "markers": "python_version >= '2.7' and python_version not in '3.0, 3.1, 3.2, 3.3, 3.4' and python_version < '4'",
            "version": "==5.3"
        },
        "decorator": {
            "hashes": [
                "sha256:41fa54c2a0cc4ba648be4fd43cff00aedf5b9465c9bf18d64325bc225f08f760",
                "sha256:e3a62f0520172440ca0dcc823749319382e377f37f140a0b99ef45fecb84bfe7"
            ],
            "version": "==4.4.2"
        },
        "flake8": {
            "hashes": [
                "sha256:749dbbd6bfd0cf1318af27bf97a14e28e5ff548ef8e5b1566ccfb25a11e7c839",
                "sha256:aadae8761ec651813c24be05c6f7b4680857ef6afaae4651a4eccaef97ce6c3b"
            ],
            "index": "pypi",
            "version": "==3.8.4"
        },
        "iniconfig": {
            "hashes": [
                "sha256:011e24c64b7f47f6ebd835bb12a743f2fbe9a26d4cecaa7f53bc4f35ee9da8b3",
                "sha256:bc3af051d7d14b2ee5ef9969666def0cd1a000e121eaea580d4a313df4b37f32"
            ],
            "version": "==1.1.1"
        },
        "ipython": {
            "hashes": [
                "sha256:c987e8178ced651532b3b1ff9965925bfd445c279239697052561a9ab806d28f",
                "sha256:cbb2ef3d5961d44e6a963b9817d4ea4e1fa2eb589c371a470fed14d8d40cbd6a"
            ],
            "index": "pypi",
            "version": "==7.19.0"
        },
        "ipython-genutils": {
            "hashes": [
                "sha256:72dd37233799e619666c9f639a9da83c34013a73e8bbc79a7a6348d93c61fab8",
                "sha256:eb2e116e75ecef9d4d228fdc66af54269afa26ab4463042e33785b887c628ba8"
            ],
            "version": "==0.2.0"
        },
        "isort": {
            "extras": [
                "pipfile"
            ],
            "hashes": [
                "sha256:dcab1d98b469a12a1a624ead220584391648790275560e1a43e54c5dceae65e7",
                "sha256:dcaeec1b5f0eca77faea2a35ab790b4f3680ff75590bfcb7145986905aab2f58"
            ],
            "index": "pypi",
            "version": "==5.6.4"
        },
        "jedi": {
            "hashes": [
                "sha256:86ed7d9b750603e4ba582ea8edc678657fb4007894a12bcf6f4bb97892f31d20",
                "sha256:98cc583fa0f2f8304968199b01b6b4b94f469a1f4a74c1560506ca2a211378b5"
            ],
            "markers": "python_version >= '2.7' and python_version not in '3.0, 3.1, 3.2, 3.3, 3.4'",
            "version": "==0.17.2"
        },
        "mccabe": {
            "hashes": [
                "sha256:ab8a6258860da4b6677da4bd2fe5dc2c659cff31b3ee4f7f5d64e79735b80d42",
                "sha256:dd8d182285a0fe56bace7f45b5e7d1a6ebcbf524e8f3bd87eb0f125271b8831f"
            ],
            "version": "==0.6.1"
        },
        "packaging": {
            "hashes": [
                "sha256:4357f74f47b9c12db93624a82154e9b120fa8293699949152b22065d556079f8",
                "sha256:998416ba6962ae7fbd6596850b80e17859a5753ba17c32284f67bfff33784181"
            ],
            "markers": "python_version >= '2.7' and python_version not in '3.0, 3.1, 3.2, 3.3'",
            "version": "==20.4"
        },
        "parso": {
            "hashes": [
                "sha256:97218d9159b2520ff45eb78028ba8b50d2bc61dcc062a9682666f2dc4bd331ea",
                "sha256:caba44724b994a8a5e086460bb212abc5a8bc46951bf4a9a1210745953622eb9"
            ],
            "markers": "python_version >= '2.7' and python_version not in '3.0, 3.1, 3.2, 3.3'",
            "version": "==0.7.1"
        },
        "pexpect": {
            "hashes": [
                "sha256:0b48a55dcb3c05f3329815901ea4fc1537514d6ba867a152b581d69ae3710937",
                "sha256:fc65a43959d153d0114afe13997d439c22823a27cefceb5ff35c2178c6784c0c"
            ],
            "markers": "sys_platform != 'win32'",
            "version": "==4.8.0"
        },
        "pickleshare": {
            "hashes": [
                "sha256:87683d47965c1da65cdacaf31c8441d12b8044cdec9aca500cd78fc2c683afca",
                "sha256:9649af414d74d4df115d5d718f82acb59c9d418196b7b4290ed47a12ce62df56"
            ],
            "version": "==0.7.5"
        },
        "pluggy": {
            "hashes": [
                "sha256:15b2acde666561e1298d71b523007ed7364de07029219b604cf808bfa1c765b0",
                "sha256:966c145cd83c96502c3c3868f50408687b38434af77734af1e9ca461a4081d2d"
            ],
            "markers": "python_version >= '2.7' and python_version not in '3.0, 3.1, 3.2, 3.3'",
            "version": "==0.13.1"
        },
        "prompt-toolkit": {
            "hashes": [
                "sha256:25c95d2ac813909f813c93fde734b6e44406d1477a9faef7c915ff37d39c0a8c",
                "sha256:7debb9a521e0b1ee7d2fe96ee4bd60ef03c6492784de0547337ca4433e46aa63"
            ],
            "markers": "python_full_version >= '3.6.1'",
            "version": "==3.0.8"
        },
        "ptyprocess": {
            "hashes": [
                "sha256:923f299cc5ad920c68f2bc0bc98b75b9f838b93b599941a6b63ddbc2476394c0",
                "sha256:d7cc528d76e76342423ca640335bd3633420dc1366f258cb31d05e865ef5ca1f"
            ],
            "version": "==0.6.0"
        },
        "py": {
            "hashes": [
                "sha256:366389d1db726cd2fcfc79732e75410e5fe4d31db13692115529d34069a043c2",
                "sha256:9ca6883ce56b4e8da7e79ac18787889fa5206c79dcc67fb065376cd2fe03f342"
            ],
            "markers": "python_version >= '2.7' and python_version not in '3.0, 3.1, 3.2, 3.3'",
            "version": "==1.9.0"
        },
        "pycodestyle": {
            "hashes": [
                "sha256:2295e7b2f6b5bd100585ebcb1f616591b652db8a741695b3d8f5d28bdc934367",
                "sha256:c58a7d2815e0e8d7972bf1803331fb0152f867bd89adf8a01dfd55085434192e"
            ],
            "markers": "python_version >= '2.7' and python_version not in '3.0, 3.1, 3.2, 3.3'",
            "version": "==2.6.0"
        },
        "pyflakes": {
            "hashes": [
                "sha256:0d94e0e05a19e57a99444b6ddcf9a6eb2e5c68d3ca1e98e90707af8152c90a92",
                "sha256:35b2d75ee967ea93b55750aa9edbbf72813e06a66ba54438df2cfac9e3c27fc8"
            ],
            "markers": "python_version >= '2.7' and python_version not in '3.0, 3.1, 3.2, 3.3'",
            "version": "==2.2.0"
        },
        "pygments": {
            "hashes": [
                "sha256:381985fcc551eb9d37c52088a32914e00517e57f4a21609f48141ba08e193fa0",
                "sha256:88a0bbcd659fcb9573703957c6b9cff9fab7295e6e76db54c9d00ae42df32773"
            ],
            "markers": "python_version >= '3.5'",
            "version": "==2.7.2"
        },
        "pyparsing": {
            "hashes": [
                "sha256:c203ec8783bf771a155b207279b9bccb8dea02d8f0c9e5f8ead507bc3246ecc1",
                "sha256:ef9d7589ef3c200abe66653d3f1ab1033c3c419ae9b9bdb1240a85b024efc88b"
            ],
            "markers": "python_version >= '2.6' and python_version not in '3.0, 3.1, 3.2, 3.3'",
            "version": "==2.4.7"
        },
        "pytest": {
            "hashes": [
                "sha256:4288fed0d9153d9646bfcdf0c0428197dba1ecb27a33bb6e031d002fa88653fe",
                "sha256:c0a7e94a8cdbc5422a51ccdad8e6f1024795939cc89159a0ae7f0b316ad3823e"
            ],
            "index": "pypi",
            "version": "==6.1.2"
        },
        "pytest-cov": {
            "hashes": [
                "sha256:45ec2d5182f89a81fc3eb29e3d1ed3113b9e9a873bcddb2a71faaab066110191",
                "sha256:47bd0ce14056fdd79f93e1713f88fad7bdcc583dcd7783da86ef2f085a0bb88e"
            ],
            "index": "pypi",
            "version": "==2.10.1"
        },
        "pytest-datadir": {
            "hashes": [
                "sha256:1847ed0efe0bc54cac40ab3fba6d651c2f03d18dd01f2a582979604d32e7621e",
                "sha256:d3af1e738df87515ee509d6135780f25a15959766d9c2b2dbe02bf4fb979cb18"
            ],
            "index": "pypi",
            "version": "==1.3.1"
        },
        "six": {
            "hashes": [
                "sha256:30639c035cdb23534cd4aa2dd52c3bf48f06e5f4a941509c8bafd8ce11080259",
                "sha256:8b74bedcbbbaca38ff6d7491d76f2b06b3592611af620f8426e82dddb04a5ced"
            ],
            "markers": "python_version >= '2.7' and python_version not in '3.0, 3.1, 3.2, 3.3'",
            "version": "==1.15.0"
        },
        "toml": {
            "hashes": [
                "sha256:806143ae5bfb6a3c6e736a764057db0e6a0e05e338b5630894a5f779cabb4f9b",
                "sha256:b3bda1d108d5dd99f4a20d24d9c348e91c4db7ab1b749200bded2f839ccbe68f"
            ],
            "markers": "python_version >= '2.6' and python_version not in '3.0, 3.1, 3.2, 3.3'",
            "version": "==0.10.2"
        },
        "traitlets": {
            "hashes": [
                "sha256:178f4ce988f69189f7e523337a3e11d91c786ded9360174a3d9ca83e79bc5396",
                "sha256:69ff3f9d5351f31a7ad80443c2674b7099df13cc41fc5fa6e2f6d3b0330b0426"
            ],
            "markers": "python_version >= '3.7'",
            "version": "==5.0.5"
        },
        "wcwidth": {
            "hashes": [
                "sha256:beb4802a9cebb9144e99086eff703a642a13d6a0052920003a230f3294bbe784",
                "sha256:c4d647b99872929fdb7bdcaa4fbe7f01413ed3d98077df798530e5b04f116c83"
            ],
            "version": "==0.2.5"
        }
    }
}
